
Microsoft Visual Studio Solution File, Format Version 12.00
# Visual Studio Version 17
VisualStudioVersion = 17.7.34031.279
MinimumVisualStudioVersion = 10.0.40219.1
Project("{FAE04EC0-301F-11D3-BF4B-00C04F79EFBC}") = "LINQ.cs", "LINQ.cs.csproj", "{CAE0B459-72C3-4104-B78E-4D5A9286D7A7}"
EndProject
Global
	GlobalSection(SolutionConfigurationPlatforms) = preSolution
		Debug|Any CPU = Debug|Any CPU
		Release|Any CPU = Release|Any CPU
	EndGlobalSection
	GlobalSection(ProjectConfigurationPlatforms) = postSolution
		{CAE0B459-72C3-4104-B78E-4D5A9286D7A7}.Debug|Any CPU.ActiveCfg = Debug|Any CPU
		{CAE0B459-72C3-4104-B78E-4D5A9286D7A7}.Debug|Any CPU.Build.0 = Debug|Any CPU
		{CAE0B459-72C3-4104-B78E-4D5A9286D7A7}.Release|Any CPU.ActiveCfg = Release|Any CPU
		{CAE0B459-72C3-4104-B78E-4D5A9286D7A7}.Release|Any CPU.Build.0 = Release|Any CPU
	EndGlobalSection
	GlobalSection(SolutionProperties) = preSolution
		HideSolutionNode = FALSE
	EndGlobalSection
	GlobalSection(ExtensibilityGlobals) = postSolution
		SolutionGuid = {0F287528-8607-423E-B5F4-0D1F0BEF5081}
	EndGlobalSection
EndGlobal
